
Microsoft Visual Studio Solution File, Format Version 12.00
# Visual Studio Version 16
VisualStudioVersion = 16.0.30413.136
MinimumVisualStudioVersion = 10.0.40219.1
Project("{FAE04EC0-301F-11D3-BF4B-00C04F79EFBC}") = "DOlgozat_21_02_22", "DOlgozat_21_02_22.csproj", "{6FB10DE7-F0EC-49A7-ABBF-1416C5B352E9}"
EndProject
Global
	GlobalSection(SolutionConfigurationPlatforms) = preSolution
		Debug|Any CPU = Debug|Any CPU
		Release|Any CPU = Release|Any CPU
	EndGlobalSection
	GlobalSection(ProjectConfigurationPlatforms) = postSolution
		{6FB10DE7-F0EC-49A7-ABBF-1416C5B352E9}.Debug|Any CPU.ActiveCfg = Debug|Any CPU
		{6FB10DE7-F0EC-49A7-ABBF-1416C5B352E9}.Debug|Any CPU.Build.0 = Debug|Any CPU
		{6FB10DE7-F0EC-49A7-ABBF-1416C5B352E9}.Release|Any CPU.ActiveCfg = Release|Any CPU
		{6FB10DE7-F0EC-49A7-ABBF-1416C5B352E9}.Release|Any CPU.Build.0 = Release|Any CPU
	EndGlobalSection
	GlobalSection(SolutionProperties) = preSolution
		HideSolutionNode = FALSE
	EndGlobalSection
	GlobalSection(ExtensibilityGlobals) = postSolution
		SolutionGuid = {B178C317-800A-40BA-9C42-2C7103355624}
	EndGlobalSection
EndGlobal
